
Microsoft Visual Studio Solution File, Format Version 12.00
# Visual Studio Version 16
VisualStudioVersion = 16.0.30011.22
MinimumVisualStudioVersion = 15.0.26124.0
Project("{9A19103F-16F7-4668-BE54-9A1E7A4F7556}") = "Infrastructure", "Infrastructure\Infrastructure.csproj", "{6F28D03A-674F-4A7E-8776-389C450C190A}"
EndProject
Project("{9A19103F-16F7-4668-BE54-9A1E7A4F7556}") = "EtlEnqueue", "EtlEnqueue\EtlEnqueue.csproj", "{C556CB96-18C0-419F-BA42-12615AFD2576}"
EndProject
Project("{9A19103F-16F7-4668-BE54-9A1E7A4F7556}") = "EtlEnqueue.Tests", "EtlEnqueue.Tests\EtlEnqueue.Tests.csproj", "{89AF4168-F2D8-4746-B869-4A4ECE51EDF0}"
EndProject
Project("{2150E333-8FDC-42A3-9474-1A3956D46DE8}") = "4. Tests", "4. Tests", "{B3C243A9-990A-455D-9961-2B95BF397D9F}"
EndProject
Project("{2150E333-8FDC-42A3-9474-1A3956D46DE8}") = "1. Infrastructure", "1. Infrastructure", "{E22CBDBD-A202-4035-AF3E-0E07A8E7FEF4}"
EndProject
Project("{2150E333-8FDC-42A3-9474-1A3956D46DE8}") = "2. Common", "2. Common", "{C2FD60B4-609E-452E-B175-BE70155B356A}"
EndProject
Project("{2150E333-8FDC-42A3-9474-1A3956D46DE8}") = "3. Functions", "3. Functions", "{549B020F-0E3C-43B0-9F51-6A8D754BC75D}"
EndProject
Project("{9A19103F-16F7-4668-BE54-9A1E7A4F7556}") = "CensusImporter", "CensusImporter\CensusImporter.csproj", "{6B5710DC-F4E5-490D-AFAD-2C9C2D01E25E}"
EndProject
Project("{FAE04EC0-301F-11D3-BF4B-00C04F79EFBC}") = "Common", "Common\Common.csproj", "{16B0E162-4BC4-4D5A-8132-A0301BFBE9DD}"
EndProject
Global
	GlobalSection(SolutionConfigurationPlatforms) = preSolution
		Debug|Any CPU = Debug|Any CPU
		Release|Any CPU = Release|Any CPU
	EndGlobalSection
	GlobalSection(ProjectConfigurationPlatforms) = postSolution
		{6F28D03A-674F-4A7E-8776-389C450C190A}.Debug|Any CPU.ActiveCfg = Debug|Any CPU
		{6F28D03A-674F-4A7E-8776-389C450C190A}.Debug|Any CPU.Build.0 = Debug|Any CPU
		{6F28D03A-674F-4A7E-8776-389C450C190A}.Release|Any CPU.ActiveCfg = Release|Any CPU
		{6F28D03A-674F-4A7E-8776-389C450C190A}.Release|Any CPU.Build.0 = Release|Any CPU
		{C556CB96-18C0-419F-BA42-12615AFD2576}.Debug|Any CPU.ActiveCfg = Debug|Any CPU
		{C556CB96-18C0-419F-BA42-12615AFD2576}.Debug|Any CPU.Build.0 = Debug|Any CPU
		{C556CB96-18C0-419F-BA42-12615AFD2576}.Release|Any CPU.ActiveCfg = Release|Any CPU
		{C556CB96-18C0-419F-BA42-12615AFD2576}.Release|Any CPU.Build.0 = Release|Any CPU
		{89AF4168-F2D8-4746-B869-4A4ECE51EDF0}.Debug|Any CPU.ActiveCfg = Debug|Any CPU
		{89AF4168-F2D8-4746-B869-4A4ECE51EDF0}.Debug|Any CPU.Build.0 = Debug|Any CPU
		{89AF4168-F2D8-4746-B869-4A4ECE51EDF0}.Release|Any CPU.ActiveCfg = Release|Any CPU
		{89AF4168-F2D8-4746-B869-4A4ECE51EDF0}.Release|Any CPU.Build.0 = Release|Any CPU
		{6B5710DC-F4E5-490D-AFAD-2C9C2D01E25E}.Debug|Any CPU.ActiveCfg = Debug|Any CPU
		{6B5710DC-F4E5-490D-AFAD-2C9C2D01E25E}.Debug|Any CPU.Build.0 = Debug|Any CPU
		{6B5710DC-F4E5-490D-AFAD-2C9C2D01E25E}.Release|Any CPU.ActiveCfg = Release|Any CPU
		{6B5710DC-F4E5-490D-AFAD-2C9C2D01E25E}.Release|Any CPU.Build.0 = Release|Any CPU
		{16B0E162-4BC4-4D5A-8132-A0301BFBE9DD}.Debug|Any CPU.ActiveCfg = Debug|Any CPU
		{16B0E162-4BC4-4D5A-8132-A0301BFBE9DD}.Debug|Any CPU.Build.0 = Debug|Any CPU
		{16B0E162-4BC4-4D5A-8132-A0301BFBE9DD}.Release|Any CPU.ActiveCfg = Release|Any CPU
		{16B0E162-4BC4-4D5A-8132-A0301BFBE9DD}.Release|Any CPU.Build.0 = Release|Any CPU
	EndGlobalSection
	GlobalSection(SolutionProperties) = preSolution
		HideSolutionNode = FALSE
	EndGlobalSection
	GlobalSection(NestedProjects) = preSolution
		{6F28D03A-674F-4A7E-8776-389C450C190A} = {E22CBDBD-A202-4035-AF3E-0E07A8E7FEF4}
		{C556CB96-18C0-419F-BA42-12615AFD2576} = {549B020F-0E3C-43B0-9F51-6A8D754BC75D}
		{89AF4168-F2D8-4746-B869-4A4ECE51EDF0} = {B3C243A9-990A-455D-9961-2B95BF397D9F}
		{6B5710DC-F4E5-490D-AFAD-2C9C2D01E25E} = {549B020F-0E3C-43B0-9F51-6A8D754BC75D}
		{16B0E162-4BC4-4D5A-8132-A0301BFBE9DD} = {C2FD60B4-609E-452E-B175-BE70155B356A}
	EndGlobalSection
	GlobalSection(ExtensibilityGlobals) = postSolution
		SolutionGuid = {3C5F7A95-EDBE-40E5-91B0-FB66D787D34B}
	EndGlobalSection
EndGlobal
